Microsoft Visual Studio Solution File, Format Version 12.00
# Visual Studio 15
VisualStudioVersion = 15.0.28010.2046
MinimumVisualStudioVersion = 10.0.40219.1
Project("{FAE04EC0-301F-11D3-BF4B-00C04F79EFBC}") = "PulseSolutions.Common.Objects", "PulseSolutions.Common.Objects.csproj", "{A671EFCC-6807-4940-8C05-D0BC5E1CE522}"
EndProject
Global
	GlobalSection(SolutionConfigurationPlatforms) = preSolution
		Debug|Any CPU = Debug|Any CPU
		Release|Any CPU = Release|Any CPU
	EndGlobalSection
	GlobalSection(ProjectConfigurationPlatforms) = postSolution
		{A671EFCC-6807-4940-8C05-D0BC5E1CE522}.Debug|Any CPU.ActiveCfg = Debug|Any CPU
		{A671EFCC-6807-4940-8C05-D0BC5E1CE522}.Debug|Any CPU.Build.0 = Debug|Any CPU
		{A671EFCC-6807-4940-8C05-D0BC5E1CE522}.Release|Any CPU.ActiveCfg = Release|Any CPU
		{A671EFCC-6807-4940-8C05-D0BC5E1CE522}.Release|Any CPU.Build.0 = Release|Any CPU
	EndGlobalSection
	GlobalSection(SolutionProperties) = preSolution
		HideSolutionNode = FALSE
	EndGlobalSection
	GlobalSection(ExtensibilityGlobals) = postSolution
		SolutionGuid = {EDEBEFA4-3CA0-4655-803A-1AC5A618F0BC}
	EndGlobalSection
	GlobalSection(TeamFoundationVersionControl) = preSolution
		SccNumberOfProjects = 2
		SccEnterpriseProvider = {4CA58AB2-18FA-4F8D-95D4-32DDF27D184C}
		SccTeamFoundationServer = https://dev.azure.com/artechnosoft
		SccLocalPath0 = .
		SccProjectUniqueName1 = PulseSolutions.Common.Objects.csproj
		SccLocalPath1 = .
	EndGlobalSection
EndGlobal
